{
  "name": "@olibm/js1",
  "version": "0.0.6",
  "lockfileVersion": 1,
  "requires": true,
  "dependencies": {
    "@types/lodash": {
      "version": "4.14.159",
      "resolved": "https://registry.npmjs.org/@types/lodash/-/lodash-4.14.159.tgz",
      "integrity": "sha512-gF7A72f7WQN33DpqOWw9geApQPh4M3PxluMtaHxWHXEGSN12/WbcEk/eNSqWNQcQhF66VSZ06vCF94CrHwXJDg==",
      "dev": true
    },
    "@types/lodash.camelcase": {
      "version": "4.3.6",
      "resolved": "https://registry.npmjs.org/@types/lodash.camelcase/-/lodash.camelcase-4.3.6.tgz",
      "integrity": "sha512-hd/TEuPd76Jtf1xEq85CHbCqR+iqvs5IOKyrYbiaOg69BRQgPN9XkvLj8Jl8rBp/dfJ2wQ1AVcP8mZmybq7kIg==",
      "dev": true,
      "requires": {
        "@types/lodash": "*"
      }
    },
    "@types/lodash.capitalize": {
      "version": "4.2.6",
      "resolved": "https://registry.npmjs.org/@types/lodash.capitalize/-/lodash.capitalize-4.2.6.tgz",
      "integrity": "sha512-PgarsttqczpGoJz1fxTTofVkFrQQAVH85bbF6rvXOAEd0PV9/KJtYClNGEi1xSSpyzngMySQhWXu0ILsSsB42g==",
      "dev": true,
      "requires": {
        "@types/lodash": "*"
      }
    },
    "@types/lodash.chunk": {
      "version": "4.2.6",
      "resolved": "https://registry.npmjs.org/@types/lodash.chunk/-/lodash.chunk-4.2.6.tgz",
      "integrity": "sha512-SPlusB7jxXyGcTXYcUdWr7WmhArO/rmTq54VN88iKMxGUhyg79I4Q8n4riGn3kjaTjOJrVlHhxgX/d7woak5BQ==",
      "dev": true,
      "requires": {
        "@types/lodash": "*"
      }
    },
    "@types/lodash.clamp": {
      "version": "4.0.6",
      "resolved": "https://registry.npmjs.org/@types/lodash.clamp/-/lodash.clamp-4.0.6.tgz",
      "integrity": "sha512-+Rn39PbxYSbFFVXGEpw5t7EM8clP4P3d5rtbBFJYZUsgyWO1S0EYiNf+vKc2dRUy5eSI+oAVVlpgMF0vJcMUtA==",
      "dev": true,
      "requires": {
        "@types/lodash": "*"
      }
    },
    "@types/lodash.clonedeep": {
      "version": "4.5.6",
      "resolved": "https://registry.npmjs.org/@types/lodash.clonedeep/-/lodash.clonedeep-4.5.6.tgz",
      "integrity": "sha512-cE1jYr2dEg1wBImvXlNtp0xDoS79rfEdGozQVgliDZj1uERH4k+rmEMTudP9b4VQ8O6nRb5gPqft0QzEQGMQgA==",
      "dev": true,
      "requires": {
        "@types/lodash": "*"
      }
    },
    "@types/lodash.countby": {
      "version": "4.6.6",
      "resolved": "https://registry.npmjs.org/@types/lodash.countby/-/lodash.countby-4.6.6.tgz",
      "integrity": "sha512-buriykJ1CVPuYe2BVZjWNCq8oY66kgrGCLMvwXD3llirKym0GO4B4qSCzXtpnCskj+z0W2G1jZWVx0RZf68Qag==",
      "dev": true,
      "requires": {
        "@types/lodash": "*"
      }
    },
    "@types/lodash.defaultsdeep": {
      "version": "4.6.6",
      "resolved": "https://registry.npmjs.org/@types/lodash.defaultsdeep/-/lodash.defaultsdeep-4.6.6.tgz",
      "integrity": "sha512-k3bXTg1/54Obm6uFEtSwvDm2vCyK9jSROv0V9X3gFFNPu7eKmvqqadPSXx0SkVVixSilR30BxhFlnIj8OavXOA==",
      "dev": true,
      "requires": {
        "@types/lodash": "*"
      }
    },
    "@types/lodash.escape": {
      "version": "4.0.6",
      "resolved": "https://registry.npmjs.org/@types/lodash.escape/-/lodash.escape-4.0.6.tgz",
      "integrity": "sha512-/CI97B3wf1R4oD4yotsGoX/5bobL/RC8olTQ16iunzdjufcdD8GyIvNDatg1IfzVKaFBZmxuY0+WQDpdaQHLzg==",
      "dev": true,
      "requires": {
        "@types/lodash": "*"
      }
    },
    "@types/lodash.escaperegexp": {
      "version": "4.1.6",
      "resolved": "https://registry.npmjs.org/@types/lodash.escaperegexp/-/lodash.escaperegexp-4.1.6.tgz",
      "integrity": "sha512-uENiqxLlqh6RzeE1cC6Z2gHqakToN9vKlTVCFkSVjAfeMeh2fY0916tHwJHeeKs28qB/hGYvKuampGYH5QDVCw==",
      "dev": true,
      "requires": {
        "@types/lodash": "*"
      }
    },
    "@types/lodash.flatmap": {
      "version": "4.5.6",
      "resolved": "https://registry.npmjs.org/@types/lodash.flatmap/-/lodash.flatmap-4.5.6.tgz",
      "integrity": "sha512-ELNrUL9q+MB7AACaHivWIsKDFDgYhHE3/svXhqvDJgONtn2c467Cy87nEb7CEDvfaGCPv91lPaW596I8s5oiNQ==",
      "dev": true,
      "requires": {
        "@types/lodash": "*"
      }
    },
    "@types/lodash.flatmapdeep": {
      "version": "4.10.3",
      "resolved": "https://registry.npmjs.org/@types/lodash.flatmapdeep/-/lodash.flatmapdeep-4.10.3.tgz",
      "integrity": "sha512-3W3P6stRXEt53SASyCDN1mT24/+07/k4eNJ4R+Q6/SN0+1S2HF61flMOCggfA0OyWV213reeNJ6vR75MUqQiFw==",
      "dev": true,
      "requires": {
        "@types/lodash": "*"
      }
    },
    "@types/lodash.flatmapdepth": {
      "version": "4.10.3",
      "resolved": "https://registry.npmjs.org/@types/lodash.flatmapdepth/-/lodash.flatmapdepth-4.10.3.tgz",
      "integrity": "sha512-LpeCa8zOU9kUGqtu+0ocAOSwyduF/Q+HyLsNKU5089fmcwSMznSW8rNRM9TsX7Sz5gFi27L69H7Jdd6PvwAzzQ==",
      "dev": true,
      "requires": {
        "@types/lodash": "*"
      }
    },
    "@types/lodash.forown": {
      "version": "4.4.6",
      "resolved": "https://registry.npmjs.org/@types/lodash.forown/-/lodash.forown-4.4.6.tgz",
      "integrity": "sha512-eKkyHSrWaV6ZQraemtJZh7h32AoWzt2jTIhTjqc+UiAs+bdIHwHe5UNXHVluxSrXV31PRfvwWRGfei5PC3iRtA==",
      "dev": true,
      "requires": {
        "@types/lodash": "*"
      }
    },
    "@types/lodash.get": {
      "version": "4.4.6",
      "resolved": "https://registry.npmjs.org/@types/lodash.get/-/lodash.get-4.4.6.tgz",
      "integrity": "sha512-E6zzjR3GtNig8UJG/yodBeJeIOtgPkMgsLjDU3CbgCAPC++vJ0eCMnJhVpRZb/ENqEFlov1+3K9TKtY4UdWKtQ==",
      "dev": true,
      "requires": {
        "@types/lodash": "*"
      }
    },
    "@types/lodash.groupby": {
      "version": "4.6.6",
      "resolved": "https://registry.npmjs.org/@types/lodash.groupby/-/lodash.groupby-4.6.6.tgz",
      "integrity": "sha512-kwg3T7Ia63KtDNoQQR8hKrLHCAgrH4I44l5uEMuA6JCbj7DiSccaV4tNV1vbjtAOpX990SolVthJCmBVtRVRgw==",
      "dev": true,
      "requires": {
        "@types/lodash": "*"
      }
    },
    "@types/lodash.has": {
      "version": "4.5.6",
      "resolved": "https://registry.npmjs.org/@types/lodash.has/-/lodash.has-4.5.6.tgz",
      "integrity": "sha512-SpUCvze0uHilQX/mt4K/cak5OQny1pVfz3pJx6H70dE3Tvw9s7EtlMK+vY6UBS+PQgETDfv6vhwoa3FPS2wrhg==",
      "dev": true,
      "requires": {
        "@types/lodash": "*"
      }
    },
    "@types/lodash.isdate": {
      "version": "4.0.6",
      "resolved": "https://registry.npmjs.org/@types/lodash.isdate/-/lodash.isdate-4.0.6.tgz",
      "integrity": "sha512-s1wl7+oFYgUVn9COL9meCzNgfG7+dsFRZZut91WwbbHnjeA+FD8w/jgMEMNwxjb8//OmIyM1blxJRYaIDpR3Mg==",
      "dev": true,
      "requires": {
        "@types/lodash": "*"
      }
    },
    "@types/lodash.iselement": {
      "version": "4.1.6",
      "resolved": "https://registry.npmjs.org/@types/lodash.iselement/-/lodash.iselement-4.1.6.tgz",
      "integrity": "sha512-wFAnFWyw3q+NTilLymkfMYWm5qI0tVec7ImR+eydg2Cb/Ua34CLp7tZEU+rc8OUj74MpZiFZ7h1LbLD4gMw+mw==",
      "dev": true,
      "requires": {
        "@types/lodash": "*"
      }
    },
    "@types/lodash.isequal": {
      "version": "4.5.5",
      "resolved": "https://registry.npmjs.org/@types/lodash.isequal/-/lodash.isequal-4.5.5.tgz",
      "integrity": "sha512-4IKbinG7MGP131wRfceK6W4E/Qt3qssEFLF30LnJbjYiSfHGGRU/Io8YxXrZX109ir+iDETC8hw8QsDijukUVg==",
      "dev": true,
      "requires": {
        "@types/lodash": "*"
      }
    },
    "@types/lodash.isfunction": {
      "version": "3.0.6",
      "resolved": "https://registry.npmjs.org/@types/lodash.isfunction/-/lodash.isfunction-3.0.6.tgz",
      "integrity": "sha512-olhgKmBgzHnA5pxsOI6YHunzTBMSyBw1XjxIKFio8W+XhYiELGTt05FStE0suV0GWtlIMdn7V8M/UbYbSVdGYw==",
      "dev": true,
      "requires": {
        "@types/lodash": "*"
      }
    },
    "@types/lodash.ismatchwith": {
      "version": "4.4.6",
      "resolved": "https://registry.npmjs.org/@types/lodash.ismatchwith/-/lodash.ismatchwith-4.4.6.tgz",
      "integrity": "sha512-cHHZYnHvDs1Mc2v39ZmTAmDzT0QntqHJuJ/XBSC3aHOLOWMtlEC/4R+t5+rMYKLYnWelCkTAMMoEgrfl926eYA==",
      "dev": true,
      "requires": {
        "@types/lodash": "*"
      }
    },
    "@types/lodash.kebabcase": {
      "version": "4.1.6",
      "resolved": "https://registry.npmjs.org/@types/lodash.kebabcase/-/lodash.kebabcase-4.1.6.tgz",
      "integrity": "sha512-+RAD9pCAa8kuVyCYTeDNiwBXwD/0u0p+hos3NSqD+tXTjJextbfF3farfYB+ssAKgEssoewXEtBsfwBpsI7gsA==",
      "dev": true,
      "requires": {
        "@types/lodash": "*"
      }
    },
    "@types/lodash.keyby": {
      "version": "4.6.6",
      "resolved": "https://registry.npmjs.org/@types/lodash.keyby/-/lodash.keyby-4.6.6.tgz",
      "integrity": "sha512-4Y6+lMFnMfB6FZoZbX4VB2puzIMDe0wDxMoxlOx4bNASAAgx3PtINs6+mcOUQzvljgFjy3GylRyZeCW6C2DwOQ==",
      "dev": true,
      "requires": {
        "@types/lodash": "*"
      }
    },
    "@types/lodash.mapkeys": {
      "version": "4.6.6",
      "resolved": "https://registry.npmjs.org/@types/lodash.mapkeys/-/lodash.mapkeys-4.6.6.tgz",
      "integrity": "sha512-OUGOlEkPP6nSwb/k7J8mPcS5vvRkfHVlkRioEq1fQy14ZWmktwvrqNgOUpYpmC9U6NJ5jBLfn0ymRdE99VLadg==",
      "dev": true,
      "requires": {
        "@types/lodash": "*"
      }
    },
    "@types/lodash.mapvalues": {
      "version": "4.6.6",
      "resolved": "https://registry.npmjs.org/@types/lodash.mapvalues/-/lodash.mapvalues-4.6.6.tgz",
      "integrity": "sha512-Mt9eg3AqwAt5HShuOu8taiIYg0sLl4w3vDi0++E0VtiOtj9DqQHaxVr3wicVop0eDEqr5ENbht7vsLJlkMHL+w==",
      "dev": true,
      "requires": {
        "@types/lodash": "*"
      }
    },
    "@types/lodash.maxby": {
      "version": "4.6.6",
      "resolved": "https://registry.npmjs.org/@types/lodash.maxby/-/lodash.maxby-4.6.6.tgz",
      "integrity": "sha512-bHlAUse1H1oi2D4AWwP04bJsofzWfXcEBr1Jin8/xSvI0Z/CGE2pcTgHg2oFm/pDXFtAOCDjurhaOynK6NYsZA==",
      "dev": true,
      "requires": {
        "@types/lodash": "*"
      }
    },
    "@types/lodash.meanby": {
      "version": "4.10.5",
      "resolved": "https://registry.npmjs.org/@types/lodash.meanby/-/lodash.meanby-4.10.5.tgz",
      "integrity": "sha512-R5Lfi0c/kn/pMfMYVKsteLdUXmsx7z92SjfSeAcD8rohae/Wgj4N9EMKo136jiTApLb5ELNHj2p4O4J5Trwe3g==",
      "dev": true,
      "requires": {
        "@types/lodash": "*"
      }
    },
    "@types/lodash.minby": {
      "version": "4.6.6",
      "resolved": "https://registry.npmjs.org/@types/lodash.minby/-/lodash.minby-4.6.6.tgz",
      "integrity": "sha512-lSvOQp80I6FUK7rOFdXXjDy8UBRWuczSOo9kOGHZFaTW1OQrS0+sS5rQPG6Gex9AHIuXDvELMNoNzD6Oz6WWyA==",
      "dev": true,
      "requires": {
        "@types/lodash": "*"
      }
    },
    "@types/lodash.omit": {
      "version": "4.5.6",
      "resolved": "https://registry.npmjs.org/@types/lodash.omit/-/lodash.omit-4.5.6.tgz",
      "integrity": "sha512-KXPpOSNX2h0DAG2w7ajpk7TXvWF28ZHs5nJhOJyP0BQHkehgr948RVsToItMme6oi0XJkp19CbuNXkIX8FiBlQ==",
      "dev": true,
      "requires": {
        "@types/lodash": "*"
      }
    },
    "@types/lodash.omitby": {
      "version": "4.6.6",
      "resolved": "https://registry.npmjs.org/@types/lodash.omitby/-/lodash.omitby-4.6.6.tgz",
      "integrity": "sha512-bHkWp4YyTlqPtHgUwEhExcMQNb8V+HjTUzhxgdnw0UhuT0i61aff6RuSlXt4MbQVPJhB/24tb4WBZJQ+LYIQgw==",
      "dev": true,
      "requires": {
        "@types/lodash": "*"
      }
    },
    "@types/lodash.orderby": {
      "version": "4.6.6",
      "resolved": "https://registry.npmjs.org/@types/lodash.orderby/-/lodash.orderby-4.6.6.tgz",
      "integrity": "sha512-wQzu6xK+bSwhu45OeMI7fjywiIZiiaBzJB8W3fwnF1SJXHoOXRLutrSnVmq4yHPOM036qsy8lx9wHQcAbXNjJw==",
      "dev": true,
      "requires": {
        "@types/lodash": "*"
      }
    },
    "@types/lodash.partition": {
      "version": "4.6.6",
      "resolved": "https://registry.npmjs.org/@types/lodash.partition/-/lodash.partition-4.6.6.tgz",
      "integrity": "sha512-s8ZNNFWhBgTKI4uNxVrTs3Aa7UQoi7Fesw55bfpBBMCLda+uSuwDyuax8ka9aBy8Ccsjp2SiS034DkSZa+CzVA==",
      "dev": true,
      "requires": {
        "@types/lodash": "*"
      }
    },
    "@types/lodash.pick": {
      "version": "4.4.6",
      "resolved": "https://registry.npmjs.org/@types/lodash.pick/-/lodash.pick-4.4.6.tgz",
      "integrity": "sha512-u8bzA16qQ+8dY280z3aK7PoWb3fzX5ATJ0rJB6F+uqchOX2VYF02Aqa+8aYiHiHgPzQiITqCgeimlyKFy4OA6g==",
      "dev": true,
      "requires": {
        "@types/lodash": "*"
      }
    },
    "@types/lodash.pickby": {
      "version": "4.6.6",
      "resolved": "https://registry.npmjs.org/@types/lodash.pickby/-/lodash.pickby-4.6.6.tgz",
      "integrity": "sha512-NFa13XxlMd9eFi0UFZFWIztpMpXhozbijrx3Yb1viYZphT7jyopIFVoIRF4eYMjruWNEG1rnyrRmg/8ej9T8Iw==",
      "dev": true,
      "requires": {
        "@types/lodash": "*"
      }
    },
    "@types/lodash.random": {
      "version": "3.2.6",
      "resolved": "https://registry.npmjs.org/@types/lodash.random/-/lodash.random-3.2.6.tgz",
      "integrity": "sha512-RRr0pKm+3USvG/HTkuRKA8v2EqXu19VXC09j4VL2UQec8Yx8Fn6wYTPGjYdmX4UFd23ykS7SLFkiULS/rv8kTA==",
      "dev": true,
      "requires": {
        "@types/lodash": "*"
      }
    },
    "@types/lodash.samplesize": {
      "version": "4.2.6",
      "resolved": "https://registry.npmjs.org/@types/lodash.samplesize/-/lodash.samplesize-4.2.6.tgz",
      "integrity": "sha512-yBgEuIxVIM+corHdvB+NHgzni1Oc0aEd7acuO/jET0vO2Y2f6sl7vfQlaZKgzcN+ZqWLB6B2VQTKc1T5zQra+Q==",
      "dev": true,
      "requires": {
        "@types/lodash": "*"
      }
    },
    "@types/lodash.set": {
      "version": "4.3.6",
      "resolved": "https://registry.npmjs.org/@types/lodash.set/-/lodash.set-4.3.6.tgz",
      "integrity": "sha512-ZeGDDlnRYTvS31Laij0RsSaguIUSBTYIlJFKL3vm3T2OAZAQj2YpSvVWJc0WiG4jqg9fGX6PAPGvDqBcHfSgFg==",
      "dev": true,
      "requires": {
        "@types/lodash": "*"
      }
    },
    "@types/lodash.shuffle": {
      "version": "4.2.6",
      "resolved": "https://registry.npmjs.org/@types/lodash.shuffle/-/lodash.shuffle-4.2.6.tgz",
      "integrity": "sha512-ucI9VswlV9jOZiIh43Nd0tJ4Z8pfXy3PbQ9cB6Re1gPds8gLbOdmB0l3UkVI2crZjnQB95bhyNZVEDH8DgglYA==",
      "dev": true,
      "requires": {
        "@types/lodash": "*"
      }
    },
    "@types/lodash.snakecase": {
      "version": "4.1.6",
      "resolved": "https://registry.npmjs.org/@types/lodash.snakecase/-/lodash.snakecase-4.1.6.tgz",
      "integrity": "sha512-qGTf27ncTRUhSwvxD0hzYFmelmTrzEBGvBigrLyx6PRN1rKuy0ZEK+A3X3QnW7k+CwEjIJeAM6XBN4Ay6F03IQ==",
      "dev": true,
      "requires": {
        "@types/lodash": "*"
      }
    },
    "@types/lodash.sortby": {
      "version": "4.7.6",
      "resolved": "https://registry.npmjs.org/@types/lodash.sortby/-/lodash.sortby-4.7.6.tgz",
      "integrity": "sha512-EnvAOmKvEg7gdYpYrS6+fVFPw5dL9rBnJi3vcKI7wqWQcLJVF/KRXK9dH29HjGNVvFUj0s9prRP3J8jEGnGKDw==",
      "dev": true,
      "requires": {
        "@types/lodash": "*"
      }
    },
    "@types/lodash.sumby": {
      "version": "4.6.6",
      "resolved": "https://registry.npmjs.org/@types/lodash.sumby/-/lodash.sumby-4.6.6.tgz",
      "integrity": "sha512-C7P2OuGcbCHxQ7dfEHNWfdQUhziwosJ8X6TzDZqIUVWamqFxUZX32JhoWZ/L5Z/lZX3HLTlQs1E5MtG0l9C9cA==",
      "dev": true,
      "requires": {
        "@types/lodash": "*"
      }
    },
    "@types/lodash.takerightwhile": {
      "version": "4.6.6",
      "resolved": "https://registry.npmjs.org/@types/lodash.takerightwhile/-/lodash.takerightwhile-4.6.6.tgz",
      "integrity": "sha512-An7XkcjskIRhTkDjr20fHeZAUWGXO+c2tNiFv2MQ/MwUVEADET7ZZGwzms+nQG+u22aD2zLX3YmicMVmoc0PEg==",
      "dev": true,
      "requires": {
        "@types/lodash": "*"
      }
    },
    "@types/lodash.takewhile": {
      "version": "4.6.6",
      "resolved": "https://registry.npmjs.org/@types/lodash.takewhile/-/lodash.takewhile-4.6.6.tgz",
      "integrity": "sha512-9al1LmMjjZLqCk18DJ1r3upv84CJozr+wYxZwaBXLkhFNGPWXBlK//Q3WBvIXQC0MWicV2KxB6+lAUKKCKj67w==",
      "dev": true,
      "requires": {
        "@types/lodash": "*"
      }
    },
    "@types/lodash.tosafeinteger": {
      "version": "4.0.6",
      "resolved": "https://registry.npmjs.org/@types/lodash.tosafeinteger/-/lodash.tosafeinteger-4.0.6.tgz",
      "integrity": "sha512-R+sQ0Affn5eXzhN9K6ZWb9O5zT2U9whZtSMwGOScE9iiaLi6+OFI0ONNk4xffyA2CCq9/ie2ThkozofuIaWsWw==",
      "dev": true,
      "requires": {
        "@types/lodash": "*"
      }
    },
    "@types/lodash.trim": {
      "version": "4.5.6",
      "resolved": "https://registry.npmjs.org/@types/lodash.trim/-/lodash.trim-4.5.6.tgz",
      "integrity": "sha512-AtQ4opIa2BdbrJBTUtGCvehK8yJTEeXEE7XVsALNeo/MLYS48Q86CNvqwS1rjlhtP/MBHFZiOy052oARqiI6fQ==",
      "dev": true,
      "requires": {
        "@types/lodash": "*"
      }
    },
    "@types/lodash.trimend": {
      "version": "4.5.6",
      "resolved": "https://registry.npmjs.org/@types/lodash.trimend/-/lodash.trimend-4.5.6.tgz",
      "integrity": "sha512-u3Wi2LhAGyYkiVRYC/CGAIlJA87OZADTzuTjAe4JkjMJog1bAiyFDhhpJpeJqQqcI1mJ+QR8sw6o5NIQHaG5FQ==",
      "dev": true,
      "requires": {
        "@types/lodash": "*"
      }
    },
    "@types/lodash.trimstart": {
      "version": "4.5.6",
      "resolved": "https://registry.npmjs.org/@types/lodash.trimstart/-/lodash.trimstart-4.5.6.tgz",
      "integrity": "sha512-RCjpeEpbugY4Ub2fMGJ8A0TupRa/3/B3AY0/QmqlRVE7oOHG+42E5/7uXntDQHe7JiKZ5ezQWNNmmghUkobiLg==",
      "dev": true,
      "requires": {
        "@types/lodash": "*"
      }
    },
    "@types/lodash.uniq": {
      "version": "4.5.6",
      "resolved": "https://registry.npmjs.org/@types/lodash.uniq/-/lodash.uniq-4.5.6.tgz",
      "integrity": "sha512-XHNMXBtiwsWZstZMyxOYjr0e8YYWv0RgPlzIHblTuwBBiWo2MzWVaTBihtBpslb5BglgAWIeBv69qt1+RTRW1A==",
      "dev": true,
      "requires": {
        "@types/lodash": "*"
      }
    },
    "@types/lodash.uniqby": {
      "version": "4.7.6",
      "resolved": "https://registry.npmjs.org/@types/lodash.uniqby/-/lodash.uniqby-4.7.6.tgz",
      "integrity": "sha512-9wBhrm1y6asW50Joj6tsySCNUgzK2tCqL7vtKIej0E9RyeBFdcte7fxUosmFuMoOU0eHqOMK76kCCrK99jxHgg==",
      "dev": true,
      "requires": {
        "@types/lodash": "*"
      }
    },
    "@types/lodash.unset": {
      "version": "4.5.6",
      "resolved": "https://registry.npmjs.org/@types/lodash.unset/-/lodash.unset-4.5.6.tgz",
      "integrity": "sha512-KRMd2I4kKsfUsJfXRKMuleZHG4LAvacUatvaBcMup1OAPAlNdQXWm3q3BhusPFsS0/4rl7XXAnLxjHeaS/XU8w==",
      "dev": true,
      "requires": {
        "@types/lodash": "*"
      }
    },
    "@types/lodash.upperfirst": {
      "version": "4.3.6",
      "resolved": "https://registry.npmjs.org/@types/lodash.upperfirst/-/lodash.upperfirst-4.3.6.tgz",
      "integrity": "sha512-op4ctKkT1eD/Nt8MCPlN7O2IQrYWIcH1rOPHM86SKzbliLG50eVXM6+qzkdxtBV7DZb3W/1Up2+k43WK9F0Bgg==",
      "dev": true,
      "requires": {
        "@types/lodash": "*"
      }
    },
    "@types/lodash.words": {
      "version": "4.2.6",
      "resolved": "https://registry.npmjs.org/@types/lodash.words/-/lodash.words-4.2.6.tgz",
      "integrity": "sha512-MWePHiAcHOSGTqETPZmAXCmxzuGMNjqcraczCieGSv1Z1gZrke86gfJ5Mll1jI2/LMlhu1mhulg0/dgH6a/dMg==",
      "dev": true,
      "requires": {
        "@types/lodash": "*"
      }
    },
    "@types/node": {
      "version": "14.0.27",
      "resolved": "https://registry.npmjs.org/@types/node/-/node-14.0.27.tgz",
      "integrity": "sha512-kVrqXhbclHNHGu9ztnAwSncIgJv/FaxmzXJvGXNdcCpV1b8u1/Mi6z6m0vwy0LzKeXFTPLH0NzwmoJ3fNCIq0g==",
      "dev": true
    },
    "lodash.camelcase": {
      "version": "4.3.0",
      "resolved": "https://registry.npmjs.org/lodash.camelcase/-/lodash.camelcase-4.3.0.tgz",
      "integrity": "sha1-soqmKIorn8ZRA1x3EfZathkDMaY="
    },
    "lodash.capitalize": {
      "version": "4.2.1",
      "resolved": "https://registry.npmjs.org/lodash.capitalize/-/lodash.capitalize-4.2.1.tgz",
      "integrity": "sha1-+CbJtOKoUR2E46yinbBeGk87cqk="
    },
    "lodash.chunk": {
      "version": "4.2.0",
      "resolved": "https://registry.npmjs.org/lodash.chunk/-/lodash.chunk-4.2.0.tgz",
      "integrity": "sha1-ZuXOH3btJ7QwPYxlEujRIW6BBrw="
    },
    "lodash.clamp": {
      "version": "4.0.3",
      "resolved": "https://registry.npmjs.org/lodash.clamp/-/lodash.clamp-4.0.3.tgz",
      "integrity": "sha1-XCS+3u7vB1NWDcK0y0Zx+Qpt36o="
    },
    "lodash.clonedeep": {
      "version": "4.5.0",
      "resolved": "https://registry.npmjs.org/lodash.clonedeep/-/lodash.clonedeep-4.5.0.tgz",
      "integrity": "sha1-4j8/nE+Pvd6HJSnBBxhXoIblzO8="
    },
    "lodash.conformsto": {
      "version": "4.15.0",
      "resolved": "https://registry.npmjs.org/lodash.conformsto/-/lodash.conformsto-4.15.0.tgz",
      "integrity": "sha1-sEVEaSBL9IzTK19EoAyivt5qg7M="
    },
    "lodash.countby": {
      "version": "4.6.0",
      "resolved": "https://registry.npmjs.org/lodash.countby/-/lodash.countby-4.6.0.tgz",
      "integrity": "sha1-U1HyTeFnJKAFm1YfkgsNgK94ozw="
    },
    "lodash.defaultsdeep": {
      "version": "4.6.1",
      "resolved": "https://registry.npmjs.org/lodash.defaultsdeep/-/lodash.defaultsdeep-4.6.1.tgz",
      "integrity": "sha512-3j8wdDzYuWO3lM3Reg03MuQR957t287Rpcxp1njpEa8oDrikb+FwGdW3n+FELh/A6qib6yPit0j/pv9G/yeAqA=="
    },
    "lodash.escape": {
      "version": "4.0.1",
      "resolved": "https://registry.npmjs.org/lodash.escape/-/lodash.escape-4.0.1.tgz",
      "integrity": "sha1-yQRGkMIeBClL6qUXcS/e0fqI3pg="
    },
    "lodash.escaperegexp": {
      "version": "4.1.2",
      "resolved": "https://registry.npmjs.org/lodash.escaperegexp/-/lodash.escaperegexp-4.1.2.tgz",
      "integrity": "sha1-ZHYsSGGAglGKw99Mz11YhtriA0c="
    },
    "lodash.flatmap": {
      "version": "4.5.0",
      "resolved": "https://registry.npmjs.org/lodash.flatmap/-/lodash.flatmap-4.5.0.tgz",
      "integrity": "sha1-74y/QI9uSCaGYzRTBcaswLd4cC4="
    },
    "lodash.flatmapdeep": {
      "version": "4.10.0",
      "resolved": "https://registry.npmjs.org/lodash.flatmapdeep/-/lodash.flatmapdeep-4.10.0.tgz",
      "integrity": "sha1-rs7+/ANG/9pRn+wvQJL6BP9Y/L0="
    },
    "lodash.flatmapdepth": {
      "version": "4.10.0",
      "resolved": "https://registry.npmjs.org/lodash.flatmapdepth/-/lodash.flatmapdepth-4.10.0.tgz",
      "integrity": "sha1-4IclDwKy33ysTMQThckMqHM/2Kk="
    },
    "lodash.forown": {
      "version": "4.4.0",
      "resolved": "https://registry.npmjs.org/lodash.forown/-/lodash.forown-4.4.0.tgz",
      "integrity": "sha1-hRFc8E9z75ZuztUlEdOJPMRmg68="
    },
    "lodash.get": {
      "version": "4.4.2",
      "resolved": "https://registry.npmjs.org/lodash.get/-/lodash.get-4.4.2.tgz",
      "integrity": "sha1-LRd/ZS+jHpObRDjVNBSZ36OCXpk="
    },
    "lodash.groupby": {
      "version": "4.6.0",
      "resolved": "https://registry.npmjs.org/lodash.groupby/-/lodash.groupby-4.6.0.tgz",
      "integrity": "sha1-Cwih3PaDl8OXhVwyOXg4Mt90A9E="
    },
    "lodash.has": {
      "version": "4.5.2",
      "resolved": "https://registry.npmjs.org/lodash.has/-/lodash.has-4.5.2.tgz",
      "integrity": "sha1-0Z9NwQlQWMzL4rDN9O4P5Ko3yGI="
    },
    "lodash.isdate": {
      "version": "4.0.1",
      "resolved": "https://registry.npmjs.org/lodash.isdate/-/lodash.isdate-4.0.1.tgz",
      "integrity": "sha1-NaVDZzuddhEN5BFLMsxXcEin82Y="
    },
    "lodash.iselement": {
      "version": "4.1.1",
      "resolved": "https://registry.npmjs.org/lodash.iselement/-/lodash.iselement-4.1.1.tgz",
      "integrity": "sha1-9njU9vOpZPnsfxFfJUbz5KC6gso="
    },
    "lodash.isequal": {
      "version": "4.5.0",
      "resolved": "https://registry.npmjs.org/lodash.isequal/-/lodash.isequal-4.5.0.tgz",
      "integrity": "sha1-QVxEePK8wwEgwizhDtMib30+GOA="
    },
    "lodash.isfunction": {
      "version": "3.0.9",
      "resolved": "https://registry.npmjs.org/lodash.isfunction/-/lodash.isfunction-3.0.9.tgz",
      "integrity": "sha512-AirXNj15uRIMMPihnkInB4i3NHeb4iBtNg9WRWuK2o31S+ePwwNmDPaTL3o7dTJ+VXNZim7rFs4rxN4YU1oUJw=="
    },
    "lodash.ismatchwith": {
      "version": "4.4.0",
      "resolved": "https://registry.npmjs.org/lodash.ismatchwith/-/lodash.ismatchwith-4.4.0.tgz",
      "integrity": "sha1-PR9V8MoARHPuIRtWjl/iIPCB4ak="
    },
    "lodash.kebabcase": {
      "version": "4.1.1",
      "resolved": "https://registry.npmjs.org/lodash.kebabcase/-/lodash.kebabcase-4.1.1.tgz",
      "integrity": "sha1-hImxyw0p/4gZXM7KRI/21swpXDY="
    },
    "lodash.keyby": {
      "version": "4.6.0",
      "resolved": "https://registry.npmjs.org/lodash.keyby/-/lodash.keyby-4.6.0.tgz",
      "integrity": "sha1-f2oavak/0k4icopNNh7YvLpaQ1Q="
    },
    "lodash.mapkeys": {
      "version": "4.6.0",
      "resolved": "https://registry.npmjs.org/lodash.mapkeys/-/lodash.mapkeys-4.6.0.tgz",
      "integrity": "sha1-3yz6Ix18V8eorQA6va1dc9PqUZU="
    },
    "lodash.mapvalues": {
      "version": "4.6.0",
      "resolved": "https://registry.npmjs.org/lodash.mapvalues/-/lodash.mapvalues-4.6.0.tgz",
      "integrity": "sha1-G6+lAF3p3W9PJmaMMMo3IwzJaJw="
    },
    "lodash.maxby": {
      "version": "4.6.0",
      "resolved": "https://registry.npmjs.org/lodash.maxby/-/lodash.maxby-4.6.0.tgz",
      "integrity": "sha1-CCJABo88eiJ6oAqDgOTzjPB4bj0="
    },
    "lodash.meanby": {
      "version": "4.10.0",
      "resolved": "https://registry.npmjs.org/lodash.meanby/-/lodash.meanby-4.10.0.tgz",
      "integrity": "sha1-AjBjKNvoGjdBLNCyU4Ff371QJeg="
    },
    "lodash.minby": {
      "version": "4.6.0",
      "resolved": "https://registry.npmjs.org/lodash.minby/-/lodash.minby-4.6.0.tgz",
      "integrity": "sha1-ixBXZa6XOVSulEqAKZmbgIC9+MQ="
    },
    "lodash.omit": {
      "version": "4.5.0",
      "resolved": "https://registry.npmjs.org/lodash.omit/-/lodash.omit-4.5.0.tgz",
      "integrity": "sha1-brGa5aHuHdnfC5aeZs4Lf6MLXmA="
    },
    "lodash.omitby": {
      "version": "4.6.0",
      "resolved": "https://registry.npmjs.org/lodash.omitby/-/lodash.omitby-4.6.0.tgz",
      "integrity": "sha1-XBX/R1StVVAWtTwEExHo8HkgR5E="
    },
    "lodash.orderby": {
      "version": "4.6.0",
      "resolved": "https://registry.npmjs.org/lodash.orderby/-/lodash.orderby-4.6.0.tgz",
      "integrity": "sha1-5pfwTOXXhSL1TZM4syuBozk+TrM="
    },
    "lodash.partition": {
      "version": "4.6.0",
      "resolved": "https://registry.npmjs.org/lodash.partition/-/lodash.partition-4.6.0.tgz",
      "integrity": "sha1-o45GtzRp4EILDaEhLmbUFL42S6Q="
    },
    "lodash.pick": {
      "version": "4.4.0",
      "resolved": "https://registry.npmjs.org/lodash.pick/-/lodash.pick-4.4.0.tgz",
      "integrity": "sha1-UvBWEP/53tQiYRRB7R/BI6AwAbM="
    },
    "lodash.pickby": {
      "version": "4.6.0",
      "resolved": "https://registry.npmjs.org/lodash.pickby/-/lodash.pickby-4.6.0.tgz",
      "integrity": "sha1-feoh2MGNdwOifHBMFdO4SmfjOv8="
    },
    "lodash.random": {
      "version": "3.2.0",
      "resolved": "https://registry.npmjs.org/lodash.random/-/lodash.random-3.2.0.tgz",
      "integrity": "sha1-luJOdjMzGZEw0sni/Vf5FwPMJi0="
    },
    "lodash.samplesize": {
      "version": "4.2.0",
      "resolved": "https://registry.npmjs.org/lodash.samplesize/-/lodash.samplesize-4.2.0.tgz",
      "integrity": "sha1-Rgdi+7KzQikFF0mekNUVhttGX/k="
    },
    "lodash.set": {
      "version": "4.3.2",
      "resolved": "https://registry.npmjs.org/lodash.set/-/lodash.set-4.3.2.tgz",
      "integrity": "sha1-2HV7HagH3eJIFrDWqEvqGnYjCyM="
    },
    "lodash.shuffle": {
      "version": "4.2.0",
      "resolved": "https://registry.npmjs.org/lodash.shuffle/-/lodash.shuffle-4.2.0.tgz",
      "integrity": "sha1-FFtQU8+HX29cKjP0i26ZSMbse0s="
    },
    "lodash.snakecase": {
      "version": "4.1.1",
      "resolved": "https://registry.npmjs.org/lodash.snakecase/-/lodash.snakecase-4.1.1.tgz",
      "integrity": "sha1-OdcUo1NXFHg3rv1ktdy7Fr7Nj40="
    },
    "lodash.sortby": {
      "version": "4.7.0",
      "resolved": "https://registry.npmjs.org/lodash.sortby/-/lodash.sortby-4.7.0.tgz",
      "integrity": "sha1-7dFMgk4sycHgsKG0K7UhBRakJDg="
    },
    "lodash.sumby": {
      "version": "4.6.0",
      "resolved": "https://registry.npmjs.org/lodash.sumby/-/lodash.sumby-4.6.0.tgz",
      "integrity": "sha1-fYdzfdshbaL35efNLdnEA6eIc0Y="
    },
    "lodash.takerightwhile": {
      "version": "4.6.0",
      "resolved": "https://registry.npmjs.org/lodash.takerightwhile/-/lodash.takerightwhile-4.6.0.tgz",
      "integrity": "sha1-5ALUeK9/sT2ZHxsgCk8NJgYMhUY="
    },
    "lodash.takewhile": {
      "version": "4.6.0",
      "resolved": "https://registry.npmjs.org/lodash.takewhile/-/lodash.takewhile-4.6.0.tgz",
      "integrity": "sha1-jIx1eNzdZf0mYMfsSv6B4wOzJzU="
    },
    "lodash.tosafeinteger": {
      "version": "4.0.4",
      "resolved": "https://registry.npmjs.org/lodash.tosafeinteger/-/lodash.tosafeinteger-4.0.4.tgz",
      "integrity": "sha1-UDiHPwbfrjYNJ97XQfY3IyzUKio="
    },
    "lodash.trim": {
      "version": "4.5.1",
      "resolved": "https://registry.npmjs.org/lodash.trim/-/lodash.trim-4.5.1.tgz",
      "integrity": "sha1-NkJefukL5KpeJ7zruFt9EepHqlc="
    },
    "lodash.trimend": {
      "version": "4.5.1",
      "resolved": "https://registry.npmjs.org/lodash.trimend/-/lodash.trimend-4.5.1.tgz",
      "integrity": "sha1-EoBENyhrmMrYmWt5QU4RMAEUCC8="
    },
    "lodash.trimstart": {
      "version": "4.5.1",
      "resolved": "https://registry.npmjs.org/lodash.trimstart/-/lodash.trimstart-4.5.1.tgz",
      "integrity": "sha1-j/TexTLYJIavWVc8OURZFOlEp/E="
    },
    "lodash.uniq": {
      "version": "4.5.0",
      "resolved": "https://registry.npmjs.org/lodash.uniq/-/lodash.uniq-4.5.0.tgz",
      "integrity": "sha1-0CJTc662Uq3BvILklFM5qEJ1R3M="
    },
    "lodash.uniqby": {
      "version": "4.7.0",
      "resolved": "https://registry.npmjs.org/lodash.uniqby/-/lodash.uniqby-4.7.0.tgz",
      "integrity": "sha1-2ZwHpmnp5tJOE2Lf4mbGdhavEwI="
    },
    "lodash.unset": {
      "version": "4.5.2",
      "resolved": "https://registry.npmjs.org/lodash.unset/-/lodash.unset-4.5.2.tgz",
      "integrity": "sha1-Nw0dPoW3Kn4bDN8tJyEhMG8j5O0="
    },
    "lodash.upperfirst": {
      "version": "4.3.1",
      "resolved": "https://registry.npmjs.org/lodash.upperfirst/-/lodash.upperfirst-4.3.1.tgz",
      "integrity": "sha1-E2Xt9DFIBIHvDRxolXpe2Z1J984="
    },
    "lodash.words": {
      "version": "4.2.0",
      "resolved": "https://registry.npmjs.org/lodash.words/-/lodash.words-4.2.0.tgz",
      "integrity": "sha1-Xs/q+Oz4rKqODIOGKV8Zk8nPQDY="
    },
    "slugify": {
      "version": "1.4.5",
      "resolved": "https://registry.npmjs.org/slugify/-/slugify-1.4.5.tgz",
      "integrity": "sha512-WpECLAgYaxHoEAJ8Q1Lo8HOs1ngn7LN7QjXgOLbmmfkcWvosyk4ZTXkTzKyhngK640USTZUlgoQJfED1kz5fnQ=="
    },
    "typescript": {
      "version": "3.9.7",
      "resolved": "https://registry.npmjs.org/typescript/-/typescript-3.9.7.tgz",
      "integrity": "sha512-BLbiRkiBzAwsjut4x/dsibSTB6yWpwT5qWmC2OfuCg3GgVQCSgMs4vEctYPhsaGtd0AeuuHMkjZ2h2WG8MSzRw==",
      "dev": true
    },
    "ulid": {
      "version": "2.3.0",
      "resolved": "https://registry.npmjs.org/ulid/-/ulid-2.3.0.tgz",
      "integrity": "sha512-keqHubrlpvT6G2wH0OEfSW4mquYRcbe/J8NMmveoQOjUqmo+hXtO+ORCpWhdbZ7k72UtY61BL7haGxW6enBnjw=="
    }
  }
}
